
Microsoft Visual Studio Solution File, Format Version 12.00
# Visual Studio Version 17
VisualStudioVersion = 17.11.35303.130
MinimumVisualStudioVersion = 10.0.40219.1
Project("{9A19103F-16F7-4668-BE54-9A1E7A4F7556}") = "HarvestHollow", "HarvestHollow\HarvestHollow.csproj", "{EA8D7DE8-C0F3-4E7D-9B70-A64D9999DBDE}"
EndProject
Project("{9A19103F-16F7-4668-BE54-9A1E7A4F7556}") = "HarvestHollow.Tests.MSTest", "HarvestHollow.Tests.MSTest\HarvestHollow.Tests.MSTest.csproj", "{2F2436D5-CA2D-49F5-8EE9-5DA15737E092}"
EndProject
Project("{9A19103F-16F7-4668-BE54-9A1E7A4F7556}") = "HarvestHollow.LevelEditor", "HarvestHollow.LevelEditor\HarvestHollow.LevelEditor.csproj", "{A55D95EE-F929-45E7-BEF8-915320D2CE89}"
EndProject
Global
	GlobalSection(SolutionConfigurationPlatforms) = preSolution
		Debug|Any CPU = Debug|Any CPU
		Debug|ARM = Debug|ARM
		Debug|x64 = Debug|x64
		Debug|x86 = Debug|x86
		Linux|Any CPU = Linux|Any CPU
		Linux|ARM = Linux|ARM
		Linux|x64 = Linux|x64
		Linux|x86 = Linux|x86
		MacOS|Any CPU = MacOS|Any CPU
		MacOS|ARM = MacOS|ARM
		MacOS|x64 = MacOS|x64
		MacOS|x86 = MacOS|x86
		Release|Any CPU = Release|Any CPU
		Release|ARM = Release|ARM
		Release|x64 = Release|x64
		Release|x86 = Release|x86
		Windows|Any CPU = Windows|Any CPU
		Windows|ARM = Windows|ARM
		Windows|x64 = Windows|x64
		Windows|x86 = Windows|x86
	EndGlobalSection
	GlobalSection(ProjectConfigurationPlatforms) = postSolution
		{EA8D7DE8-C0F3-4E7D-9B70-A64D9999DBDE}.Debug|Any CPU.ActiveCfg = Debug|Any CPU
		{EA8D7DE8-C0F3-4E7D-9B70-A64D9999DBDE}.Debug|Any CPU.Build.0 = Debug|Any CPU
		{EA8D7DE8-C0F3-4E7D-9B70-A64D9999DBDE}.Debug|ARM.ActiveCfg = Debug|Any CPU
		{EA8D7DE8-C0F3-4E7D-9B70-A64D9999DBDE}.Debug|ARM.Build.0 = Debug|Any CPU
		{EA8D7DE8-C0F3-4E7D-9B70-A64D9999DBDE}.Debug|x64.ActiveCfg = Debug|Any CPU
		{EA8D7DE8-C0F3-4E7D-9B70-A64D9999DBDE}.Debug|x64.Build.0 = Debug|Any CPU
		{EA8D7DE8-C0F3-4E7D-9B70-A64D9999DBDE}.Debug|x86.ActiveCfg = Debug|Any CPU
		{EA8D7DE8-C0F3-4E7D-9B70-A64D9999DBDE}.Debug|x86.Build.0 = Debug|Any CPU
		{EA8D7DE8-C0F3-4E7D-9B70-A64D9999DBDE}.Linux|Any CPU.ActiveCfg = Debug|Any CPU
		{EA8D7DE8-C0F3-4E7D-9B70-A64D9999DBDE}.Linux|Any CPU.Build.0 = Debug|Any CPU
		{EA8D7DE8-C0F3-4E7D-9B70-A64D9999DBDE}.Linux|ARM.ActiveCfg = Release|Any CPU
		{EA8D7DE8-C0F3-4E7D-9B70-A64D9999DBDE}.Linux|ARM.Build.0 = Release|Any CPU
		{EA8D7DE8-C0F3-4E7D-9B70-A64D9999DBDE}.Linux|x64.ActiveCfg = Debug|Any CPU
		{EA8D7DE8-C0F3-4E7D-9B70-A64D9999DBDE}.Linux|x64.Build.0 = Debug|Any CPU
		{EA8D7DE8-C0F3-4E7D-9B70-A64D9999DBDE}.Linux|x86.ActiveCfg = Debug|Any CPU
		{EA8D7DE8-C0F3-4E7D-9B70-A64D9999DBDE}.Linux|x86.Build.0 = Debug|Any CPU
		{EA8D7DE8-C0F3-4E7D-9B70-A64D9999DBDE}.MacOS|Any CPU.ActiveCfg = MacOS|Any CPU
		{EA8D7DE8-C0F3-4E7D-9B70-A64D9999DBDE}.MacOS|Any CPU.Build.0 = MacOS|Any CPU
		{EA8D7DE8-C0F3-4E7D-9B70-A64D9999DBDE}.MacOS|ARM.ActiveCfg = MacOS|Any CPU
		{EA8D7DE8-C0F3-4E7D-9B70-A64D9999DBDE}.MacOS|ARM.Build.0 = MacOS|Any CPU
		{EA8D7DE8-C0F3-4E7D-9B70-A64D9999DBDE}.MacOS|x64.ActiveCfg = MacOS|Any CPU
		{EA8D7DE8-C0F3-4E7D-9B70-A64D9999DBDE}.MacOS|x64.Build.0 = MacOS|Any CPU
		{EA8D7DE8-C0F3-4E7D-9B70-A64D9999DBDE}.MacOS|x86.ActiveCfg = MacOS|Any CPU
		{EA8D7DE8-C0F3-4E7D-9B70-A64D9999DBDE}.MacOS|x86.Build.0 = MacOS|Any CPU
		{EA8D7DE8-C0F3-4E7D-9B70-A64D9999DBDE}.Release|Any CPU.ActiveCfg = Release|Any CPU
		{EA8D7DE8-C0F3-4E7D-9B70-A64D9999DBDE}.Release|Any CPU.Build.0 = Release|Any CPU
		{EA8D7DE8-C0F3-4E7D-9B70-A64D9999DBDE}.Release|ARM.ActiveCfg = Release|Any CPU
		{EA8D7DE8-C0F3-4E7D-9B70-A64D9999DBDE}.Release|ARM.Build.0 = Release|Any CPU
		{EA8D7DE8-C0F3-4E7D-9B70-A64D9999DBDE}.Release|x64.ActiveCfg = Release|Any CPU
		{EA8D7DE8-C0F3-4E7D-9B70-A64D9999DBDE}.Release|x64.Build.0 = Release|Any CPU
		{EA8D7DE8-C0F3-4E7D-9B70-A64D9999DBDE}.Release|x86.ActiveCfg = Release|Any CPU
		{EA8D7DE8-C0F3-4E7D-9B70-A64D9999DBDE}.Release|x86.Build.0 = Release|Any CPU
		{EA8D7DE8-C0F3-4E7D-9B70-A64D9999DBDE}.Windows|Any CPU.ActiveCfg = Debug|Any CPU
		{EA8D7DE8-C0F3-4E7D-9B70-A64D9999DBDE}.Windows|Any CPU.Build.0 = Debug|Any CPU
		{EA8D7DE8-C0F3-4E7D-9B70-A64D9999DBDE}.Windows|ARM.ActiveCfg = Release|Any CPU
		{EA8D7DE8-C0F3-4E7D-9B70-A64D9999DBDE}.Windows|ARM.Build.0 = Release|Any CPU
		{EA8D7DE8-C0F3-4E7D-9B70-A64D9999DBDE}.Windows|x64.ActiveCfg = Debug|Any CPU
		{EA8D7DE8-C0F3-4E7D-9B70-A64D9999DBDE}.Windows|x64.Build.0 = Debug|Any CPU
		{EA8D7DE8-C0F3-4E7D-9B70-A64D9999DBDE}.Windows|x86.ActiveCfg = Debug|Any CPU
		{EA8D7DE8-C0F3-4E7D-9B70-A64D9999DBDE}.Windows|x86.Build.0 = Debug|Any CPU
		{2F2436D5-CA2D-49F5-8EE9-5DA15737E092}.Debug|Any CPU.ActiveCfg = Debug|Any CPU
		{2F2436D5-CA2D-49F5-8EE9-5DA15737E092}.Debug|Any CPU.Build.0 = Debug|Any CPU
		{2F2436D5-CA2D-49F5-8EE9-5DA15737E092}.Debug|ARM.ActiveCfg = Debug|Any CPU
		{2F2436D5-CA2D-49F5-8EE9-5DA15737E092}.Debug|ARM.Build.0 = Debug|Any CPU
		{2F2436D5-CA2D-49F5-8EE9-5DA15737E092}.Debug|x64.ActiveCfg = Debug|Any CPU
		{2F2436D5-CA2D-49F5-8EE9-5DA15737E092}.Debug|x64.Build.0 = Debug|Any CPU
		{2F2436D5-CA2D-49F5-8EE9-5DA15737E092}.Debug|x86.ActiveCfg = Debug|Any CPU
		{2F2436D5-CA2D-49F5-8EE9-5DA15737E092}.Debug|x86.Build.0 = Debug|Any CPU
		{2F2436D5-CA2D-49F5-8EE9-5DA15737E092}.Linux|Any CPU.ActiveCfg = Debug|Any CPU
		{2F2436D5-CA2D-49F5-8EE9-5DA15737E092}.Linux|Any CPU.Build.0 = Debug|Any CPU
		{2F2436D5-CA2D-49F5-8EE9-5DA15737E092}.Linux|ARM.ActiveCfg = Release|Any CPU
		{2F2436D5-CA2D-49F5-8EE9-5DA15737E092}.Linux|ARM.Build.0 = Release|Any CPU
		{2F2436D5-CA2D-49F5-8EE9-5DA15737E092}.Linux|x64.ActiveCfg = Debug|Any CPU
		{2F2436D5-CA2D-49F5-8EE9-5DA15737E092}.Linux|x86.ActiveCfg = Debug|Any CPU
		{2F2436D5-CA2D-49F5-8EE9-5DA15737E092}.Linux|x86.Build.0 = Debug|Any CPU
		{2F2436D5-CA2D-49F5-8EE9-5DA15737E092}.MacOS|Any CPU.ActiveCfg = MacOS|Any CPU
		{2F2436D5-CA2D-49F5-8EE9-5DA15737E092}.MacOS|Any CPU.Build.0 = MacOS|Any CPU
		{2F2436D5-CA2D-49F5-8EE9-5DA15737E092}.MacOS|ARM.ActiveCfg = MacOS|Any CPU
		{2F2436D5-CA2D-49F5-8EE9-5DA15737E092}.MacOS|ARM.Build.0 = MacOS|Any CPU
		{2F2436D5-CA2D-49F5-8EE9-5DA15737E092}.MacOS|x64.ActiveCfg = MacOS|Any CPU
		{2F2436D5-CA2D-49F5-8EE9-5DA15737E092}.MacOS|x86.ActiveCfg = MacOS|Any CPU
		{2F2436D5-CA2D-49F5-8EE9-5DA15737E092}.MacOS|x86.Build.0 = MacOS|Any CPU
		{2F2436D5-CA2D-49F5-8EE9-5DA15737E092}.Release|Any CPU.ActiveCfg = Release|Any CPU
		{2F2436D5-CA2D-49F5-8EE9-5DA15737E092}.Release|Any CPU.Build.0 = Release|Any CPU
		{2F2436D5-CA2D-49F5-8EE9-5DA15737E092}.Release|ARM.ActiveCfg = Release|Any CPU
		{2F2436D5-CA2D-49F5-8EE9-5DA15737E092}.Release|ARM.Build.0 = Release|Any CPU
		{2F2436D5-CA2D-49F5-8EE9-5DA15737E092}.Release|x64.ActiveCfg = Release|Any CPU
		{2F2436D5-CA2D-49F5-8EE9-5DA15737E092}.Release|x64.Build.0 = Release|Any CPU
		{2F2436D5-CA2D-49F5-8EE9-5DA15737E092}.Release|x86.ActiveCfg = Release|Any CPU
		{2F2436D5-CA2D-49F5-8EE9-5DA15737E092}.Release|x86.Build.0 = Release|Any CPU
		{2F2436D5-CA2D-49F5-8EE9-5DA15737E092}.Windows|Any CPU.ActiveCfg = Debug|Any CPU
		{2F2436D5-CA2D-49F5-8EE9-5DA15737E092}.Windows|Any CPU.Build.0 = Debug|Any CPU
		{2F2436D5-CA2D-49F5-8EE9-5DA15737E092}.Windows|ARM.ActiveCfg = Release|Any CPU
		{2F2436D5-CA2D-49F5-8EE9-5DA15737E092}.Windows|ARM.Build.0 = Release|Any CPU
		{2F2436D5-CA2D-49F5-8EE9-5DA15737E092}.Windows|x64.ActiveCfg = Debug|Any CPU
		{2F2436D5-CA2D-49F5-8EE9-5DA15737E092}.Windows|x64.Build.0 = Debug|Any CPU
		{2F2436D5-CA2D-49F5-8EE9-5DA15737E092}.Windows|x86.ActiveCfg = Debug|Any CPU
		{2F2436D5-CA2D-49F5-8EE9-5DA15737E092}.Windows|x86.Build.0 = Debug|Any CPU
		{A55D95EE-F929-45E7-BEF8-915320D2CE89}.Debug|Any CPU.ActiveCfg = Debug|Any CPU
		{A55D95EE-F929-45E7-BEF8-915320D2CE89}.Debug|Any CPU.Build.0 = Debug|Any CPU
		{A55D95EE-F929-45E7-BEF8-915320D2CE89}.Debug|ARM.ActiveCfg = Debug|Any CPU
		{A55D95EE-F929-45E7-BEF8-915320D2CE89}.Debug|ARM.Build.0 = Debug|Any CPU
		{A55D95EE-F929-45E7-BEF8-915320D2CE89}.Debug|x64.ActiveCfg = Debug|Any CPU
		{A55D95EE-F929-45E7-BEF8-915320D2CE89}.Debug|x64.Build.0 = Debug|Any CPU
		{A55D95EE-F929-45E7-BEF8-915320D2CE89}.Debug|x86.ActiveCfg = Debug|Any CPU
		{A55D95EE-F929-45E7-BEF8-915320D2CE89}.Debug|x86.Build.0 = Debug|Any CPU
		{A55D95EE-F929-45E7-BEF8-915320D2CE89}.Linux|Any CPU.ActiveCfg = Debug|Any CPU
		{A55D95EE-F929-45E7-BEF8-915320D2CE89}.Linux|Any CPU.Build.0 = Debug|Any CPU
		{A55D95EE-F929-45E7-BEF8-915320D2CE89}.Linux|ARM.ActiveCfg = Debug|Any CPU
		{A55D95EE-F929-45E7-BEF8-915320D2CE89}.Linux|ARM.Build.0 = Debug|Any CPU
		{A55D95EE-F929-45E7-BEF8-915320D2CE89}.Linux|x64.ActiveCfg = Debug|Any CPU
		{A55D95EE-F929-45E7-BEF8-915320D2CE89}.Linux|x64.Build.0 = Debug|Any CPU
		{A55D95EE-F929-45E7-BEF8-915320D2CE89}.Linux|x86.ActiveCfg = Debug|Any CPU
		{A55D95EE-F929-45E7-BEF8-915320D2CE89}.Linux|x86.Build.0 = Debug|Any CPU
		{A55D95EE-F929-45E7-BEF8-915320D2CE89}.MacOS|Any CPU.ActiveCfg = Debug|Any CPU
		{A55D95EE-F929-45E7-BEF8-915320D2CE89}.MacOS|Any CPU.Build.0 = Debug|Any CPU
		{A55D95EE-F929-45E7-BEF8-915320D2CE89}.MacOS|ARM.ActiveCfg = Debug|Any CPU
		{A55D95EE-F929-45E7-BEF8-915320D2CE89}.MacOS|ARM.Build.0 = Debug|Any CPU
		{A55D95EE-F929-45E7-BEF8-915320D2CE89}.MacOS|x64.ActiveCfg = Debug|Any CPU
		{A55D95EE-F929-45E7-BEF8-915320D2CE89}.MacOS|x64.Build.0 = Debug|Any CPU
		{A55D95EE-F929-45E7-BEF8-915320D2CE89}.MacOS|x86.ActiveCfg = Debug|Any CPU
		{A55D95EE-F929-45E7-BEF8-915320D2CE89}.MacOS|x86.Build.0 = Debug|Any CPU
		{A55D95EE-F929-45E7-BEF8-915320D2CE89}.Release|Any CPU.ActiveCfg = Release|Any CPU
		{A55D95EE-F929-45E7-BEF8-915320D2CE89}.Release|Any CPU.Build.0 = Release|Any CPU
		{A55D95EE-F929-45E7-BEF8-915320D2CE89}.Release|ARM.ActiveCfg = Release|Any CPU
		{A55D95EE-F929-45E7-BEF8-915320D2CE89}.Release|ARM.Build.0 = Release|Any CPU
		{A55D95EE-F929-45E7-BEF8-915320D2CE89}.Release|x64.ActiveCfg = Release|Any CPU
		{A55D95EE-F929-45E7-BEF8-915320D2CE89}.Release|x64.Build.0 = Release|Any CPU
		{A55D95EE-F929-45E7-BEF8-915320D2CE89}.Release|x86.ActiveCfg = Release|Any CPU
		{A55D95EE-F929-45E7-BEF8-915320D2CE89}.Release|x86.Build.0 = Release|Any CPU
		{A55D95EE-F929-45E7-BEF8-915320D2CE89}.Windows|Any CPU.ActiveCfg = Debug|Any CPU
		{A55D95EE-F929-45E7-BEF8-915320D2CE89}.Windows|Any CPU.Build.0 = Debug|Any CPU
		{A55D95EE-F929-45E7-BEF8-915320D2CE89}.Windows|ARM.ActiveCfg = Debug|Any CPU
		{A55D95EE-F929-45E7-BEF8-915320D2CE89}.Windows|ARM.Build.0 = Debug|Any CPU
		{A55D95EE-F929-45E7-BEF8-915320D2CE89}.Windows|x64.ActiveCfg = Debug|Any CPU
		{A55D95EE-F929-45E7-BEF8-915320D2CE89}.Windows|x64.Build.0 = Debug|Any CPU
		{A55D95EE-F929-45E7-BEF8-915320D2CE89}.Windows|x86.ActiveCfg = Debug|Any CPU
		{A55D95EE-F929-45E7-BEF8-915320D2CE89}.Windows|x86.Build.0 = Debug|Any CPU
	EndGlobalSection
	GlobalSection(SolutionProperties) = preSolution
		HideSolutionNode = FALSE
	EndGlobalSection
	GlobalSection(ExtensibilityGlobals) = postSolution
		SolutionGuid = {018C4587-6DFE-4503-B1FB-F6A03FF2579E}
	EndGlobalSection
EndGlobal
