
Microsoft Visual Studio Solution File, Format Version 12.00
# Visual Studio Version 17
VisualStudioVersion = 17.11.35327.3
MinimumVisualStudioVersion = 10.0.40219.1
Project("{FAE04EC0-301F-11D3-BF4B-00C04F79EFBC}") = "Common", "Common.csproj", "{ADEBE16F-E301-4032-B3D0-0A801E8AA635}"
EndProject
Global
	GlobalSection(SolutionConfigurationPlatforms) = preSolution
		Debug|Any CPU = Debug|Any CPU
		Release|Any CPU = Release|Any CPU
	EndGlobalSection
	GlobalSection(ProjectConfigurationPlatforms) = postSolution
		{ADEBE16F-E301-4032-B3D0-0A801E8AA635}.Debug|Any CPU.ActiveCfg = Debug|Any CPU
		{ADEBE16F-E301-4032-B3D0-0A801E8AA635}.Debug|Any CPU.Build.0 = Debug|Any CPU
		{ADEBE16F-E301-4032-B3D0-0A801E8AA635}.Release|Any CPU.ActiveCfg = Release|Any CPU
		{ADEBE16F-E301-4032-B3D0-0A801E8AA635}.Release|Any CPU.Build.0 = Release|Any CPU
	EndGlobalSection
	GlobalSection(SolutionProperties) = preSolution
		HideSolutionNode = FALSE
	EndGlobalSection
	GlobalSection(ExtensibilityGlobals) = postSolution
		SolutionGuid = {EFF188FF-CCE7-4D92-8F71-8EB563AC9743}
	EndGlobalSection
EndGlobal
