
Microsoft Visual Studio Solution File, Format Version 12.00
# Visual Studio Version 17
VisualStudioVersion = 17.11.35312.102
MinimumVisualStudioVersion = 10.0.40219.1
Project("{9A19103F-16F7-4668-BE54-9A1E7A4F7556}") = "HarvestHollow.LevelEditor", "HarvestHollow.LevelEditor.csproj", "{144AE7A0-6000-42BA-A68F-18DB877C7B0E}"
EndProject
Project("{9A19103F-16F7-4668-BE54-9A1E7A4F7556}") = "HarvestHollow.LevelEditor.Core", "..\HarvestHollow.LevelEditor.Core\HarvestHollow.LevelEditor.Core.csproj", "{A172A20F-EF9A-4F7D-98F8-D8CCEB97DEAC}"
EndProject
Project("{9A19103F-16F7-4668-BE54-9A1E7A4F7556}") = "HarvestHollow.LevelEditor.Tests.MSTest", "..\HarvestHollow.LevelEditor.Tests.MSTest\HarvestHollow.LevelEditor.Tests.MSTest.csproj", "{0F5F2867-5796-46F8-AEA7-EB803804AB4E}"
EndProject
Global
	GlobalSection(SolutionConfigurationPlatforms) = preSolution
		Debug|Any CPU = Debug|Any CPU
		Debug|arm64 = Debug|arm64
		Debug|x64 = Debug|x64
		Debug|x86 = Debug|x86
		Release|Any CPU = Release|Any CPU
		Release|arm64 = Release|arm64
		Release|x64 = Release|x64
		Release|x86 = Release|x86
	EndGlobalSection
	GlobalSection(ProjectConfigurationPlatforms) = postSolution
		{144AE7A0-6000-42BA-A68F-18DB877C7B0E}.Debug|Any CPU.ActiveCfg = Debug|x64
		{144AE7A0-6000-42BA-A68F-18DB877C7B0E}.Debug|Any CPU.Build.0 = Debug|x64
		{144AE7A0-6000-42BA-A68F-18DB877C7B0E}.Debug|Any CPU.Deploy.0 = Debug|x64
		{144AE7A0-6000-42BA-A68F-18DB877C7B0E}.Debug|arm64.ActiveCfg = Debug|arm64
		{144AE7A0-6000-42BA-A68F-18DB877C7B0E}.Debug|arm64.Build.0 = Debug|arm64
		{144AE7A0-6000-42BA-A68F-18DB877C7B0E}.Debug|arm64.Deploy.0 = Debug|arm64
		{144AE7A0-6000-42BA-A68F-18DB877C7B0E}.Debug|x64.ActiveCfg = Debug|x64
		{144AE7A0-6000-42BA-A68F-18DB877C7B0E}.Debug|x64.Build.0 = Debug|x64
		{144AE7A0-6000-42BA-A68F-18DB877C7B0E}.Debug|x64.Deploy.0 = Debug|x64
		{144AE7A0-6000-42BA-A68F-18DB877C7B0E}.Debug|x86.ActiveCfg = Debug|x86
		{144AE7A0-6000-42BA-A68F-18DB877C7B0E}.Debug|x86.Build.0 = Debug|x86
		{144AE7A0-6000-42BA-A68F-18DB877C7B0E}.Debug|x86.Deploy.0 = Debug|x86
		{144AE7A0-6000-42BA-A68F-18DB877C7B0E}.Release|Any CPU.ActiveCfg = Release|x64
		{144AE7A0-6000-42BA-A68F-18DB877C7B0E}.Release|Any CPU.Build.0 = Release|x64
		{144AE7A0-6000-42BA-A68F-18DB877C7B0E}.Release|Any CPU.Deploy.0 = Release|x64
		{144AE7A0-6000-42BA-A68F-18DB877C7B0E}.Release|arm64.ActiveCfg = Release|arm64
		{144AE7A0-6000-42BA-A68F-18DB877C7B0E}.Release|arm64.Build.0 = Release|arm64
		{144AE7A0-6000-42BA-A68F-18DB877C7B0E}.Release|arm64.Deploy.0 = Release|arm64
		{144AE7A0-6000-42BA-A68F-18DB877C7B0E}.Release|x64.ActiveCfg = Release|x64
		{144AE7A0-6000-42BA-A68F-18DB877C7B0E}.Release|x64.Build.0 = Release|x64
		{144AE7A0-6000-42BA-A68F-18DB877C7B0E}.Release|x64.Deploy.0 = Release|x64
		{144AE7A0-6000-42BA-A68F-18DB877C7B0E}.Release|x86.ActiveCfg = Release|x86
		{144AE7A0-6000-42BA-A68F-18DB877C7B0E}.Release|x86.Build.0 = Release|x86
		{144AE7A0-6000-42BA-A68F-18DB877C7B0E}.Release|x86.Deploy.0 = Release|x86
		{A172A20F-EF9A-4F7D-98F8-D8CCEB97DEAC}.Debug|Any CPU.ActiveCfg = Debug|Any CPU
		{A172A20F-EF9A-4F7D-98F8-D8CCEB97DEAC}.Debug|Any CPU.Build.0 = Debug|Any CPU
		{A172A20F-EF9A-4F7D-98F8-D8CCEB97DEAC}.Debug|arm64.ActiveCfg = Debug|arm64
		{A172A20F-EF9A-4F7D-98F8-D8CCEB97DEAC}.Debug|arm64.Build.0 = Debug|arm64
		{A172A20F-EF9A-4F7D-98F8-D8CCEB97DEAC}.Debug|x64.ActiveCfg = Debug|x64
		{A172A20F-EF9A-4F7D-98F8-D8CCEB97DEAC}.Debug|x64.Build.0 = Debug|x64
		{A172A20F-EF9A-4F7D-98F8-D8CCEB97DEAC}.Debug|x86.ActiveCfg = Debug|x86
		{A172A20F-EF9A-4F7D-98F8-D8CCEB97DEAC}.Debug|x86.Build.0 = Debug|x86
		{A172A20F-EF9A-4F7D-98F8-D8CCEB97DEAC}.Release|Any CPU.ActiveCfg = Release|Any CPU
		{A172A20F-EF9A-4F7D-98F8-D8CCEB97DEAC}.Release|Any CPU.Build.0 = Release|Any CPU
		{A172A20F-EF9A-4F7D-98F8-D8CCEB97DEAC}.Release|arm64.ActiveCfg = Release|arm64
		{A172A20F-EF9A-4F7D-98F8-D8CCEB97DEAC}.Release|arm64.Build.0 = Release|arm64
		{A172A20F-EF9A-4F7D-98F8-D8CCEB97DEAC}.Release|x64.ActiveCfg = Release|x64
		{A172A20F-EF9A-4F7D-98F8-D8CCEB97DEAC}.Release|x64.Build.0 = Release|x64
		{A172A20F-EF9A-4F7D-98F8-D8CCEB97DEAC}.Release|x86.ActiveCfg = Release|x86
		{A172A20F-EF9A-4F7D-98F8-D8CCEB97DEAC}.Release|x86.Build.0 = Release|x86
		{0F5F2867-5796-46F8-AEA7-EB803804AB4E}.Debug|Any CPU.ActiveCfg = Debug|x64
		{0F5F2867-5796-46F8-AEA7-EB803804AB4E}.Debug|Any CPU.Build.0 = Debug|x64
		{0F5F2867-5796-46F8-AEA7-EB803804AB4E}.Debug|arm64.ActiveCfg = Debug|arm64
		{0F5F2867-5796-46F8-AEA7-EB803804AB4E}.Debug|arm64.Build.0 = Debug|arm64
		{0F5F2867-5796-46F8-AEA7-EB803804AB4E}.Debug|x64.ActiveCfg = Debug|x64
		{0F5F2867-5796-46F8-AEA7-EB803804AB4E}.Debug|x64.Build.0 = Debug|x64
		{0F5F2867-5796-46F8-AEA7-EB803804AB4E}.Debug|x86.ActiveCfg = Debug|x86
		{0F5F2867-5796-46F8-AEA7-EB803804AB4E}.Debug|x86.Build.0 = Debug|x86
		{0F5F2867-5796-46F8-AEA7-EB803804AB4E}.Release|Any CPU.ActiveCfg = Release|x64
		{0F5F2867-5796-46F8-AEA7-EB803804AB4E}.Release|Any CPU.Build.0 = Release|x64
		{0F5F2867-5796-46F8-AEA7-EB803804AB4E}.Release|arm64.ActiveCfg = Release|arm64
		{0F5F2867-5796-46F8-AEA7-EB803804AB4E}.Release|arm64.Build.0 = Release|arm64
		{0F5F2867-5796-46F8-AEA7-EB803804AB4E}.Release|x64.ActiveCfg = Release|x64
		{0F5F2867-5796-46F8-AEA7-EB803804AB4E}.Release|x64.Build.0 = Release|x64
		{0F5F2867-5796-46F8-AEA7-EB803804AB4E}.Release|x86.ActiveCfg = Release|x86
		{0F5F2867-5796-46F8-AEA7-EB803804AB4E}.Release|x86.Build.0 = Release|x86
	EndGlobalSection
	GlobalSection(SolutionProperties) = preSolution
		HideSolutionNode = FALSE
	EndGlobalSection
	GlobalSection(ExtensibilityGlobals) = postSolution
		SolutionGuid = {4EAC6C76-2E36-4867-9180-3E537B5C3B70}
	EndGlobalSection
EndGlobal
